
Microsoft Visual Studio Solution File, Format Version 12.00
# Visual Studio Version 16
VisualStudioVersion = 16.0.29519.87
MinimumVisualStudioVersion = 10.0.40219.1
Project("{FAE04EC0-301F-11D3-BF4B-00C04F79EFBC}") = "MusicFileAPI", "MusicFileAPI\MusicFileAPI.csproj", "{01E8D125-B9E7-46C6-B8C1-636EF25A7875}"
EndProject
Global
	GlobalSection(SolutionConfigurationPlatforms) = preSolution
		Debug|Any CPU = Debug|Any CPU
		Release|Any CPU = Release|Any CPU
	EndGlobalSection
	GlobalSection(ProjectConfigurationPlatforms) = postSolution
		{01E8D125-B9E7-46C6-B8C1-636EF25A7875}.Debug|Any CPU.ActiveCfg = Debug|Any CPU
		{01E8D125-B9E7-46C6-B8C1-636EF25A7875}.Debug|Any CPU.Build.0 = Debug|Any CPU
		{01E8D125-B9E7-46C6-B8C1-636EF25A7875}.Release|Any CPU.ActiveCfg = Release|Any CPU
		{01E8D125-B9E7-46C6-B8C1-636EF25A7875}.Release|Any CPU.Build.0 = Release|Any CPU
	EndGlobalSection
	GlobalSection(SolutionProperties) = preSolution
		HideSolutionNode = FALSE
	EndGlobalSection
	GlobalSection(ExtensibilityGlobals) = postSolution
		SolutionGuid = {3E004524-187C-4B03-A91B-1DD4B82FE677}
	EndGlobalSection
EndGlobal
